
Microsoft Visual Studio Solution File, Format Version 12.00
# Visual Studio 15
VisualStudioVersion = 15.0.27703.2026
MinimumVisualStudioVersion = 10.0.40219.1
Project("{FAE04EC0-301F-11D3-BF4B-00C04F79EFBC}") = "Agenois", "Agenois\Agenois.csproj", "{22B71DFC-CD8D-4186-B71A-0834C81FEC89}"
	ProjectSection(ProjectDependencies) = postProject
		{A4A2D129-561D-48F5-B992-C7D9DEA364F3} = {A4A2D129-561D-48F5-B992-C7D9DEA364F3}
		{E54537CA-2EAF-4366-9660-6401B5B718AF} = {E54537CA-2EAF-4366-9660-6401B5B718AF}
	EndProjectSection
EndProject
Project("{8BC9CEB8-8B4A-11D0-8D11-00A0C91BC942}") = "Payloads", "Payloads\Payloads.vcxproj", "{A4A2D129-561D-48F5-B992-C7D9DEA364F3}"
	ProjectSection(ProjectDependencies) = postProject
		{E54537CA-2EAF-4366-9660-6401B5B718AF} = {E54537CA-2EAF-4366-9660-6401B5B718AF}
	EndProjectSection
EndProject
Project("{FAE04EC0-301F-11D3-BF4B-00C04F79EFBC}") = "IFEODebugger", "IFEODebugger\IFEODebugger.csproj", "{E54537CA-2EAF-4366-9660-6401B5B718AF}"
EndProject
Global
	GlobalSection(SolutionConfigurationPlatforms) = preSolution
		Debug|Any CPU = Debug|Any CPU
		Debug|x64 = Debug|x64
		Debug|x86 = Debug|x86
		Release|Any CPU = Release|Any CPU
		Release|x64 = Release|x64
		Release|x86 = Release|x86
	EndGlobalSection
	GlobalSection(ProjectConfigurationPlatforms) = postSolution
		{22B71DFC-CD8D-4186-B71A-0834C81FEC89}.Debug|Any CPU.ActiveCfg = Debug|Any CPU
		{22B71DFC-CD8D-4186-B71A-0834C81FEC89}.Debug|Any CPU.Build.0 = Debug|Any CPU
		{22B71DFC-CD8D-4186-B71A-0834C81FEC89}.Debug|x64.ActiveCfg = Debug|Any CPU
		{22B71DFC-CD8D-4186-B71A-0834C81FEC89}.Debug|x64.Build.0 = Debug|Any CPU
		{22B71DFC-CD8D-4186-B71A-0834C81FEC89}.Debug|x86.ActiveCfg = Debug|Any CPU
		{22B71DFC-CD8D-4186-B71A-0834C81FEC89}.Debug|x86.Build.0 = Debug|Any CPU
		{22B71DFC-CD8D-4186-B71A-0834C81FEC89}.Release|Any CPU.ActiveCfg = Release|Any CPU
		{22B71DFC-CD8D-4186-B71A-0834C81FEC89}.Release|Any CPU.Build.0 = Release|Any CPU
		{22B71DFC-CD8D-4186-B71A-0834C81FEC89}.Release|x64.ActiveCfg = Release|Any CPU
		{22B71DFC-CD8D-4186-B71A-0834C81FEC89}.Release|x64.Build.0 = Release|Any CPU
		{22B71DFC-CD8D-4186-B71A-0834C81FEC89}.Release|x86.ActiveCfg = Release|Any CPU
		{22B71DFC-CD8D-4186-B71A-0834C81FEC89}.Release|x86.Build.0 = Release|Any CPU
		{A4A2D129-561D-48F5-B992-C7D9DEA364F3}.Debug|Any CPU.ActiveCfg = Debug|Win32
		{A4A2D129-561D-48F5-B992-C7D9DEA364F3}.Debug|x64.ActiveCfg = Debug|x64
		{A4A2D129-561D-48F5-B992-C7D9DEA364F3}.Debug|x64.Build.0 = Debug|x64
		{A4A2D129-561D-48F5-B992-C7D9DEA364F3}.Debug|x86.ActiveCfg = Debug|Win32
		{A4A2D129-561D-48F5-B992-C7D9DEA364F3}.Debug|x86.Build.0 = Debug|Win32
		{A4A2D129-561D-48F5-B992-C7D9DEA364F3}.Release|Any CPU.ActiveCfg = Release|Win32
		{A4A2D129-561D-48F5-B992-C7D9DEA364F3}.Release|x64.ActiveCfg = Release|x64
		{A4A2D129-561D-48F5-B992-C7D9DEA364F3}.Release|x64.Build.0 = Release|x64
		{A4A2D129-561D-48F5-B992-C7D9DEA364F3}.Release|x86.ActiveCfg = Release|Win32
		{A4A2D129-561D-48F5-B992-C7D9DEA364F3}.Release|x86.Build.0 = Release|Win32
		{E54537CA-2EAF-4366-9660-6401B5B718AF}.Debug|Any CPU.ActiveCfg = Debug|Any CPU
		{E54537CA-2EAF-4366-9660-6401B5B718AF}.Debug|Any CPU.Build.0 = Debug|Any CPU
		{E54537CA-2EAF-4366-9660-6401B5B718AF}.Debug|x64.ActiveCfg = Debug|Any CPU
		{E54537CA-2EAF-4366-9660-6401B5B718AF}.Debug|x64.Build.0 = Debug|Any CPU
		{E54537CA-2EAF-4366-9660-6401B5B718AF}.Debug|x86.ActiveCfg = Debug|Any CPU
		{E54537CA-2EAF-4366-9660-6401B5B718AF}.Debug|x86.Build.0 = Debug|Any CPU
		{E54537CA-2EAF-4366-9660-6401B5B718AF}.Release|Any CPU.ActiveCfg = Release|Any CPU
		{E54537CA-2EAF-4366-9660-6401B5B718AF}.Release|Any CPU.Build.0 = Release|Any CPU
		{E54537CA-2EAF-4366-9660-6401B5B718AF}.Release|x64.ActiveCfg = Release|Any CPU
		{E54537CA-2EAF-4366-9660-6401B5B718AF}.Release|x64.Build.0 = Release|Any CPU
		{E54537CA-2EAF-4366-9660-6401B5B718AF}.Release|x86.ActiveCfg = Release|Any CPU
		{E54537CA-2EAF-4366-9660-6401B5B718AF}.Release|x86.Build.0 = Release|Any CPU
	EndGlobalSection
	GlobalSection(SolutionProperties) = preSolution
		HideSolutionNode = FALSE
	EndGlobalSection
	GlobalSection(ExtensibilityGlobals) = postSolution
		SolutionGuid = {E2AF6C31-3B04-4805-9208-C77054440C82}
	EndGlobalSection
EndGlobal
